
Microsoft Visual Studio Solution File, Format Version 12.00
# Visual Studio 14
VisualStudioVersion = 14.0.25420.1
MinimumVisualStudioVersion = 10.0.40219.1
Project("{8BC9CEB8-8B4A-11D0-8D11-00A0C91BC942}") = "Problem01", "Problem01\Problem01.vcxproj", "{AD3C27ED-6C27-4BEA-8410-8B0D16279687}"
EndProject
Project("{8BC9CEB8-8B4A-11D0-8D11-00A0C91BC942}") = "Problem02", "Problem02\Problem02.vcxproj", "{707CF3AB-862F-4652-A50E-96BDCC746087}"
EndProject
Project("{8BC9CEB8-8B4A-11D0-8D11-00A0C91BC942}") = "Problem03", "Problem03\Problem03.vcxproj", "{8F16EF11-4E21-497E-AE6A-5201981BF5A5}"
EndProject
Project("{8BC9CEB8-8B4A-11D0-8D11-00A0C91BC942}") = "Problem4", "Problem4\Problem4.vcxproj", "{4244B04D-9B1E-4C55-A149-8E33BA76BDB3}"
EndProject
Project("{8BC9CEB8-8B4A-11D0-8D11-00A0C91BC942}") = "Problem5", "Problem5\Problem5.vcxproj", "{E8C2EE77-839E-4E3A-8EC4-A792E7CFE40F}"
EndProject
Project("{8BC9CEB8-8B4A-11D0-8D11-00A0C91BC942}") = "Problem6", "Problem6\Problem6.vcxproj", "{41B3AAC7-C3FF-4A13-B6A7-1D663F83E7F6}"
EndProject
Project("{8BC9CEB8-8B4A-11D0-8D11-00A0C91BC942}") = "Problem7", "Problem7\Problem7.vcxproj", "{A0E2FBB1-738F-4082-8835-424D65F8CC21}"
EndProject
Project("{8BC9CEB8-8B4A-11D0-8D11-00A0C91BC942}") = "Problem8", "Problem8\Problem8.vcxproj", "{BD7FDBDD-058A-4DC3-BF6A-148868C1697C}"
EndProject
Project("{8BC9CEB8-8B4A-11D0-8D11-00A0C91BC942}") = "Problem9", "Problem9\Problem9.vcxproj", "{0F5EAE71-44C8-4C74-96F6-D50AC5374314}"
EndProject
Global
	GlobalSection(SolutionConfigurationPlatforms) = preSolution
		Debug|x64 = Debug|x64
		Debug|x86 = Debug|x86
		Release|x64 = Release|x64
		Release|x86 = Release|x86
	EndGlobalSection
	GlobalSection(ProjectConfigurationPlatforms) = postSolution
		{AD3C27ED-6C27-4BEA-8410-8B0D16279687}.Debug|x64.ActiveCfg = Debug|x64
		{AD3C27ED-6C27-4BEA-8410-8B0D16279687}.Debug|x64.Build.0 = Debug|x64
		{AD3C27ED-6C27-4BEA-8410-8B0D16279687}.Debug|x86.ActiveCfg = Debug|Win32
		{AD3C27ED-6C27-4BEA-8410-8B0D16279687}.Debug|x86.Build.0 = Debug|Win32
		{AD3C27ED-6C27-4BEA-8410-8B0D16279687}.Release|x64.ActiveCfg = Release|x64
		{AD3C27ED-6C27-4BEA-8410-8B0D16279687}.Release|x64.Build.0 = Release|x64
		{AD3C27ED-6C27-4BEA-8410-8B0D16279687}.Release|x86.ActiveCfg = Release|Win32
		{AD3C27ED-6C27-4BEA-8410-8B0D16279687}.Release|x86.Build.0 = Release|Win32
		{707CF3AB-862F-4652-A50E-96BDCC746087}.Debug|x64.ActiveCfg = Debug|x64
		{707CF3AB-862F-4652-A50E-96BDCC746087}.Debug|x64.Build.0 = Debug|x64
		{707CF3AB-862F-4652-A50E-96BDCC746087}.Debug|x86.ActiveCfg = Debug|Win32
		{707CF3AB-862F-4652-A50E-96BDCC746087}.Debug|x86.Build.0 = Debug|Win32
		{707CF3AB-862F-4652-A50E-96BDCC746087}.Release|x64.ActiveCfg = Release|x64
		{707CF3AB-862F-4652-A50E-96BDCC746087}.Release|x64.Build.0 = Release|x64
		{707CF3AB-862F-4652-A50E-96BDCC746087}.Release|x86.ActiveCfg = Release|Win32
		{707CF3AB-862F-4652-A50E-96BDCC746087}.Release|x86.Build.0 = Release|Win32
		{8F16EF11-4E21-497E-AE6A-5201981BF5A5}.Debug|x64.ActiveCfg = Debug|x64
		{8F16EF11-4E21-497E-AE6A-5201981BF5A5}.Debug|x64.Build.0 = Debug|x64
		{8F16EF11-4E21-497E-AE6A-5201981BF5A5}.Debug|x86.ActiveCfg = Debug|Win32
		{8F16EF11-4E21-497E-AE6A-5201981BF5A5}.Debug|x86.Build.0 = Debug|Win32
		{8F16EF11-4E21-497E-AE6A-5201981BF5A5}.Release|x64.ActiveCfg = Release|x64
		{8F16EF11-4E21-497E-AE6A-5201981BF5A5}.Release|x64.Build.0 = Release|x64
		{8F16EF11-4E21-497E-AE6A-5201981BF5A5}.Release|x86.ActiveCfg = Release|Win32
		{8F16EF11-4E21-497E-AE6A-5201981BF5A5}.Release|x86.Build.0 = Release|Win32
		{4244B04D-9B1E-4C55-A149-8E33BA76BDB3}.Debug|x64.ActiveCfg = Debug|x64
		{4244B04D-9B1E-4C55-A149-8E33BA76BDB3}.Debug|x64.Build.0 = Debug|x64
		{4244B04D-9B1E-4C55-A149-8E33BA76BDB3}.Debug|x86.ActiveCfg = Debug|Win32
		{4244B04D-9B1E-4C55-A149-8E33BA76BDB3}.Debug|x86.Build.0 = Debug|Win32
		{4244B04D-9B1E-4C55-A149-8E33BA76BDB3}.Release|x64.ActiveCfg = Release|x64
		{4244B04D-9B1E-4C55-A149-8E33BA76BDB3}.Release|x64.Build.0 = Release|x64
		{4244B04D-9B1E-4C55-A149-8E33BA76BDB3}.Release|x86.ActiveCfg = Release|Win32
		{4244B04D-9B1E-4C55-A149-8E33BA76BDB3}.Release|x86.Build.0 = Release|Win32
		{E8C2EE77-839E-4E3A-8EC4-A792E7CFE40F}.Debug|x64.ActiveCfg = Debug|x64
		{E8C2EE77-839E-4E3A-8EC4-A792E7CFE40F}.Debug|x64.Build.0 = Debug|x64
		{E8C2EE77-839E-4E3A-8EC4-A792E7CFE40F}.Debug|x86.ActiveCfg = Debug|Win32
		{E8C2EE77-839E-4E3A-8EC4-A792E7CFE40F}.Debug|x86.Build.0 = Debug|Win32
		{E8C2EE77-839E-4E3A-8EC4-A792E7CFE40F}.Release|x64.ActiveCfg = Release|x64
		{E8C2EE77-839E-4E3A-8EC4-A792E7CFE40F}.Release|x64.Build.0 = Release|x64
		{E8C2EE77-839E-4E3A-8EC4-A792E7CFE40F}.Release|x86.ActiveCfg = Release|Win32
		{E8C2EE77-839E-4E3A-8EC4-A792E7CFE40F}.Release|x86.Build.0 = Release|Win32
		{41B3AAC7-C3FF-4A13-B6A7-1D663F83E7F6}.Debug|x64.ActiveCfg = Debug|x64
		{41B3AAC7-C3FF-4A13-B6A7-1D663F83E7F6}.Debug|x64.Build.0 = Debug|x64
		{41B3AAC7-C3FF-4A13-B6A7-1D663F83E7F6}.Debug|x86.ActiveCfg = Debug|Win32
		{41B3AAC7-C3FF-4A13-B6A7-1D663F83E7F6}.Debug|x86.Build.0 = Debug|Win32
		{41B3AAC7-C3FF-4A13-B6A7-1D663F83E7F6}.Release|x64.ActiveCfg = Release|x64
		{41B3AAC7-C3FF-4A13-B6A7-1D663F83E7F6}.Release|x64.Build.0 = Release|x64
		{41B3AAC7-C3FF-4A13-B6A7-1D663F83E7F6}.Release|x86.ActiveCfg = Release|Win32
		{41B3AAC7-C3FF-4A13-B6A7-1D663F83E7F6}.Release|x86.Build.0 = Release|Win32
		{A0E2FBB1-738F-4082-8835-424D65F8CC21}.Debug|x64.ActiveCfg = Debug|x64
		{A0E2FBB1-738F-4082-8835-424D65F8CC21}.Debug|x64.Build.0 = Debug|x64
		{A0E2FBB1-738F-4082-8835-424D65F8CC21}.Debug|x86.ActiveCfg = Debug|Win32
		{A0E2FBB1-738F-4082-8835-424D65F8CC21}.Debug|x86.Build.0 = Debug|Win32
		{A0E2FBB1-738F-4082-8835-424D65F8CC21}.Release|x64.ActiveCfg = Release|x64
		{A0E2FBB1-738F-4082-8835-424D65F8CC21}.Release|x64.Build.0 = Release|x64
		{A0E2FBB1-738F-4082-8835-424D65F8CC21}.Release|x86.ActiveCfg = Release|Win32
		{A0E2FBB1-738F-4082-8835-424D65F8CC21}.Release|x86.Build.0 = Release|Win32
		{BD7FDBDD-058A-4DC3-BF6A-148868C1697C}.Debug|x64.ActiveCfg = Debug|x64
		{BD7FDBDD-058A-4DC3-BF6A-148868C1697C}.Debug|x64.Build.0 = Debug|x64
		{BD7FDBDD-058A-4DC3-BF6A-148868C1697C}.Debug|x86.ActiveCfg = Debug|Win32
		{BD7FDBDD-058A-4DC3-BF6A-148868C1697C}.Debug|x86.Build.0 = Debug|Win32
		{BD7FDBDD-058A-4DC3-BF6A-148868C1697C}.Release|x64.ActiveCfg = Release|x64
		{BD7FDBDD-058A-4DC3-BF6A-148868C1697C}.Release|x64.Build.0 = Release|x64
		{BD7FDBDD-058A-4DC3-BF6A-148868C1697C}.Release|x86.ActiveCfg = Release|Win32
		{BD7FDBDD-058A-4DC3-BF6A-148868C1697C}.Release|x86.Build.0 = Release|Win32
		{0F5EAE71-44C8-4C74-96F6-D50AC5374314}.Debug|x64.ActiveCfg = Debug|x64
		{0F5EAE71-44C8-4C74-96F6-D50AC5374314}.Debug|x64.Build.0 = Debug|x64
		{0F5EAE71-44C8-4C74-96F6-D50AC5374314}.Debug|x86.ActiveCfg = Debug|Win32
		{0F5EAE71-44C8-4C74-96F6-D50AC5374314}.Debug|x86.Build.0 = Debug|Win32
		{0F5EAE71-44C8-4C74-96F6-D50AC5374314}.Release|x64.ActiveCfg = Release|x64
		{0F5EAE71-44C8-4C74-96F6-D50AC5374314}.Release|x64.Build.0 = Release|x64
		{0F5EAE71-44C8-4C74-96F6-D50AC5374314}.Release|x86.ActiveCfg = Release|Win32
		{0F5EAE71-44C8-4C74-96F6-D50AC5374314}.Release|x86.Build.0 = Release|Win32
	EndGlobalSection
	GlobalSection(SolutionProperties) = preSolution
		HideSolutionNode = FALSE
	EndGlobalSection
EndGlobal
